
Microsoft Visual Studio Solution File, Format Version 12.00
# Visual Studio Version 16
VisualStudioVersion = 16.0.29230.47
MinimumVisualStudioVersion = 10.0.40219.1
Project("{9A19103F-16F7-4668-BE54-9A1E7A4F7556}") = "TwitterApiRequest", "TwitterApiRequest\TwitterApiRequest.csproj", "{A47426D6-980A-4F2B-9DB1-167724B9BCCB}"
EndProject
Project("{FAE04EC0-301F-11D3-BF4B-00C04F79EFBC}") = "JsonClass", "JsonClass\JsonClass.csproj", "{AD159E1A-91E9-4046-9B5A-B5D3E640264B}"
EndProject
Global
	GlobalSection(SolutionConfigurationPlatforms) = preSolution
		Debug|Any CPU = Debug|Any CPU
		Release|Any CPU = Release|Any CPU
	EndGlobalSection
	GlobalSection(ProjectConfigurationPlatforms) = postSolution
		{A47426D6-980A-4F2B-9DB1-167724B9BCCB}.Debug|Any CPU.ActiveCfg = Debug|Any CPU
		{A47426D6-980A-4F2B-9DB1-167724B9BCCB}.Debug|Any CPU.Build.0 = Debug|Any CPU
		{A47426D6-980A-4F2B-9DB1-167724B9BCCB}.Release|Any CPU.ActiveCfg = Release|Any CPU
		{A47426D6-980A-4F2B-9DB1-167724B9BCCB}.Release|Any CPU.Build.0 = Release|Any CPU
		{AD159E1A-91E9-4046-9B5A-B5D3E640264B}.Debug|Any CPU.ActiveCfg = Debug|Any CPU
		{AD159E1A-91E9-4046-9B5A-B5D3E640264B}.Debug|Any CPU.Build.0 = Debug|Any CPU
		{AD159E1A-91E9-4046-9B5A-B5D3E640264B}.Release|Any CPU.ActiveCfg = Release|Any CPU
		{AD159E1A-91E9-4046-9B5A-B5D3E640264B}.Release|Any CPU.Build.0 = Release|Any CPU
	EndGlobalSection
	GlobalSection(SolutionProperties) = preSolution
		HideSolutionNode = FALSE
	EndGlobalSection
	GlobalSection(ExtensibilityGlobals) = postSolution
		SolutionGuid = {1747DD83-CDAD-4B47-9E30-1077529EDFEA}
	EndGlobalSection
EndGlobal
